
Microsoft Visual Studio Solution File, Format Version 11.00
# Visual Studio 2010
Project("{FAE04EC0-301F-11D3-BF4B-00C04F79EFBC}") = "CommonLib", "..\CommonLib\CommonLib.csproj", "{B60AAE70-3D1E-42B6-8284-1EE42EB8C23F}"
EndProject
Project("{FAE04EC0-301F-11D3-BF4B-00C04F79EFBC}") = "ClientLib", "..\ClientLib\ClientLib.csproj", "{75C9D77B-4EE0-4C74-9251-A2A7710A0095}"
EndProject
Project("{FAE04EC0-301F-11D3-BF4B-00C04F79EFBC}") = "ServerLib", "..\ServerLib\ServerLib.csproj", "{1E4CB115-2B0D-4602-B697-5D6AC0464575}"
EndProject
Global
	GlobalSection(SolutionConfigurationPlatforms) = preSolution
		Debug|Any CPU = Debug|Any CPU
		Release|Any CPU = Release|Any CPU
	EndGlobalSection
	GlobalSection(ProjectConfigurationPlatforms) = postSolution
		{B60AAE70-3D1E-42B6-8284-1EE42EB8C23F}.Debug|Any CPU.ActiveCfg = Debug|Any CPU
		{B60AAE70-3D1E-42B6-8284-1EE42EB8C23F}.Debug|Any CPU.Build.0 = Debug|Any CPU
		{B60AAE70-3D1E-42B6-8284-1EE42EB8C23F}.Release|Any CPU.ActiveCfg = Release|Any CPU
		{B60AAE70-3D1E-42B6-8284-1EE42EB8C23F}.Release|Any CPU.Build.0 = Release|Any CPU
		{75C9D77B-4EE0-4C74-9251-A2A7710A0095}.Debug|Any CPU.ActiveCfg = Debug|Any CPU
		{75C9D77B-4EE0-4C74-9251-A2A7710A0095}.Debug|Any CPU.Build.0 = Debug|Any CPU
		{75C9D77B-4EE0-4C74-9251-A2A7710A0095}.Release|Any CPU.ActiveCfg = Release|Any CPU
		{75C9D77B-4EE0-4C74-9251-A2A7710A0095}.Release|Any CPU.Build.0 = Release|Any CPU
		{1E4CB115-2B0D-4602-B697-5D6AC0464575}.Debug|Any CPU.ActiveCfg = Debug|Any CPU
		{1E4CB115-2B0D-4602-B697-5D6AC0464575}.Debug|Any CPU.Build.0 = Debug|Any CPU
		{1E4CB115-2B0D-4602-B697-5D6AC0464575}.Release|Any CPU.ActiveCfg = Release|Any CPU
		{1E4CB115-2B0D-4602-B697-5D6AC0464575}.Release|Any CPU.Build.0 = Release|Any CPU
	EndGlobalSection
	GlobalSection(SolutionProperties) = preSolution
		HideSolutionNode = FALSE
	EndGlobalSection
EndGlobal
